
Microsoft Visual Studio Solution File, Format Version 12.00
# Visual Studio Version 16
VisualStudioVersion = 16.0.30503.244
MinimumVisualStudioVersion = 10.0.40219.1
Project("{8BC9CEB8-8B4A-11D0-8D11-00A0C91BC942}") = "TP2_", "TP2_.vcxproj", "{A7F7A786-E633-4F0C-B8D9-29CAB0FA3EBB}"
EndProject
Global
	GlobalSection(SolutionConfigurationPlatforms) = preSolution
		Debug|x64 = Debug|x64
		Debug|x86 = Debug|x86
		Release|x64 = Release|x64
		Release|x86 = Release|x86
	EndGlobalSection
	GlobalSection(ProjectConfigurationPlatforms) = postSolution
		{A7F7A786-E633-4F0C-B8D9-29CAB0FA3EBB}.Debug|x64.ActiveCfg = Debug|x64
		{A7F7A786-E633-4F0C-B8D9-29CAB0FA3EBB}.Debug|x64.Build.0 = Debug|x64
		{A7F7A786-E633-4F0C-B8D9-29CAB0FA3EBB}.Debug|x86.ActiveCfg = Debug|Win32
		{A7F7A786-E633-4F0C-B8D9-29CAB0FA3EBB}.Debug|x86.Build.0 = Debug|Win32
		{A7F7A786-E633-4F0C-B8D9-29CAB0FA3EBB}.Release|x64.ActiveCfg = Release|x64
		{A7F7A786-E633-4F0C-B8D9-29CAB0FA3EBB}.Release|x64.Build.0 = Release|x64
		{A7F7A786-E633-4F0C-B8D9-29CAB0FA3EBB}.Release|x86.ActiveCfg = Release|Win32
		{A7F7A786-E633-4F0C-B8D9-29CAB0FA3EBB}.Release|x86.Build.0 = Release|Win32
	EndGlobalSection
	GlobalSection(SolutionProperties) = preSolution
		HideSolutionNode = FALSE
	EndGlobalSection
	GlobalSection(ExtensibilityGlobals) = postSolution
		SolutionGuid = {C7F3A1A9-6906-4E85-AB8B-A35545D89278}
	EndGlobalSection
EndGlobal
